# This file is automatically @generated by Cargo.
# It is not intended for manual editing.
version = 4

[[package]]
name = "pandora-cli"
version = "2.0.0-alpha.1"
dependencies = [
 "pandora-harness-coding",
 "pandora-provider",
 "pandora-runtime",
]

[[package]]
name = "pandora-harness-coding"
version = "2.0.0-alpha.1"
dependencies = [
 "pandora-types",
]

[[package]]
name = "pandora-provider"
version = "2.0.0-alpha.1"
dependencies = [
 "pandora-types",
]

[[package]]
name = "pandora-runtime"
version = "2.0.0-alpha.1"
dependencies = [
 "pandora-types",
]

[[package]]
name = "pandora-types"
version = "2.0.0-alpha.1"
